// !$*UTF8*$!
{
	archiveVersion = 1;
	classes = {
	};
	objectVersion = 50;
	objects = {

/* Begin PBXBuildFile section */
		13B6308C21AD392900E52DBE /* AppDelegate.swift in Sources */ = {isa = PBXBuildFile; fileRef = 13B6308B21AD392900E52DBE /* AppDelegate.swift */; };
		13B6308E21AD392900E52DBE /* ViewController.swift in Sources */ = {isa = PBXBuildFile; fileRef = 13B6308D21AD392900E52DBE /* ViewController.swift */; };
		13B6309121AD392900E52DBE /* Main.storyboard in Resources */ = {isa = PBXBuildFile; fileRef = 13B6308F21AD392900E52DBE /* Main.storyboard */; };
		13B6309321AD392B00E52DBE /* Assets.xcassets in Resources */ = {isa = PBXBuildFile; fileRef = 13B6309221AD392B00E52DBE /* Assets.xcassets */; };
		13B6309621AD392B00E52DBE /* LaunchScreen.storyboard in Resources */ = {isa = PBXBuildFile; fileRef = 13B6309421AD392B00E52DBE /* LaunchScreen.storyboard */; };
		13B630A121AD39FF00E52DBE /* Con_duyen_intro.m4a in Resources */ = {isa = PBXBuildFile; fileRef = 13B630A021AD39FF00E52DBE /* Con_duyen_intro.m4a */; };
		13B630A321AD3CDF00E52DBE /* EqualizerView.swift in Sources */ = {isa = PBXBuildFile; fileRef = 13B630A221AD3CDF00E52DBE /* EqualizerView.swift */; };
		D1DF2DEFB73224353C044265 /* Pods_AudioVisualizer.framework in Frameworks */ = {isa = PBXBuildFile; fileRef = E1287FB8D11581ECCE5B9B3A /* Pods_AudioVisualizer.framework */; };
/* End PBXBuildFile section */

/* Begin PBXFileReference section */
		13B6308821AD392900E52DBE /* AudioVisualizer.app */ = {isa = PBXFileReference; explicitFileType = wrapper.application; includeInIndex = 0; path = AudioVisualizer.app; sourceTree = BUILT_PRODUCTS_DIR; };
		13B6308B21AD392900E52DBE /* AppDelegate.swift */ = {isa = PBXFileReference; lastKnownFileType = sourcecode.swift; path = AppDelegate.swift; sourceTree = "<group>"; };
		13B6308D21AD392900E52DBE /* ViewController.swift */ = {isa = PBXFileReference; lastKnownFileType = sourcecode.swift; path = ViewController.swift; sourceTree = "<group>"; };
		13B6309021AD392900E52DBE /* Base */ = {isa = PBXFileReference; lastKnownFileType = file.storyboard; name = Base; path = Base.lproj/Main.storyboard; sourceTree = "<group>"; };
		13B6309221AD392B00E52DBE /* Assets.xcassets */ = {isa = PBXFileReference; lastKnownFileType = folder.assetcatalog; path = Assets.xcassets; sourceTree = "<group>"; };
		13B6309521AD392B00E52DBE /* Base */ = {isa = PBXFileReference; lastKnownFileType = file.storyboard; name = Base; path = Base.lproj/LaunchScreen.storyboard; sourceTree = "<group>"; };
		13B6309721AD392B00E52DBE /* Info.plist */ = {isa = PBXFileReference; lastKnownFileType = text.plist.xml; path = Info.plist; sourceTree = "<group>"; };
		13B6309D21AD393A00E52DBE /* AudioVisualizer-Bridging-Header.h */ = {isa = PBXFileReference; lastKnownFileType = sourcecode.c.h; path = "AudioVisualizer-Bridging-Header.h"; sourceTree = "<group>"; };
		13B630A021AD39FF00E52DBE /* Con_duyen_intro.m4a */ = {isa = PBXFileReference; lastKnownFileType = file; path = Con_duyen_intro.m4a; sourceTree = "<group>"; };
		13B630A221AD3CDF00E52DBE /* EqualizerView.swift */ = {isa = PBXFileReference; lastKnownFileType = sourcecode.swift; path = EqualizerView.swift; sourceTree = "<group>"; };
		13B630AB21AD44DE00E52DBE /* EZAudioiOS.framework */ = {isa = PBXFileReference; lastKnownFileType = wrapper.framework; name = EZAudioiOS.framework; path = Carthage/Build/iOS/EZAudioiOS.framework; sourceTree = "<group>"; };
		4D4BFAA49F090D557CDFC415 /* Pods-AudioVisualizer.release.xcconfig */ = {isa = PBXFileReference; includeInIndex = 1; lastKnownFileType = text.xcconfig; name = "Pods-AudioVisualizer.release.xcconfig"; path = "Pods/Target Support Files/Pods-AudioVisualizer/Pods-AudioVisualizer.release.xcconfig"; sourceTree = "<group>"; };
		E1287FB8D11581ECCE5B9B3A /* Pods_AudioVisualizer.framework */ = {isa = PBXFileReference; explicitFileType = wrapper.framework; includeInIndex = 0; path = Pods_AudioVisualizer.framework; sourceTree = BUILT_PRODUCTS_DIR; };
		FFFA99B5299C3CEAEBE68E69 /* Pods-AudioVisualizer.debug.xcconfig */ = {isa = PBXFileReference; includeInIndex = 1; lastKnownFileType = text.xcconfig; name = "Pods-AudioVisualizer.debug.xcconfig"; path = "Pods/Target Support Files/Pods-AudioVisualizer/Pods-AudioVisualizer.debug.xcconfig"; sourceTree = "<group>"; };
/* End PBXFileReference section */

/* Begin PBXFrameworksBuildPhase section */
		13B6308521AD392900E52DBE /* Frameworks */ = {
			isa = PBXFrameworksBuildPhase;
			buildActionMask = 2147483647;
			files = (
				D1DF2DEFB73224353C044265 /* Pods_AudioVisualizer.framework in Frameworks */,
			);
			runOnlyForDeploymentPostprocessing = 0;
		};
/* End PBXFrameworksBuildPhase section */

/* Begin PBXGroup section */
		13B6307F21AD392900E52DBE = {
			isa = PBXGroup;
			children = (
				13B6308A21AD392900E52DBE /* AudioVisualizer */,
				13B6308921AD392900E52DBE /* Products */,
				6E4ECE62D734AC8DF51D980C /* Pods */,
				32229BED65A1D65E5AA62C1C /* Frameworks */,
			);
			sourceTree = "<group>";
		};
		13B6308921AD392900E52DBE /* Products */ = {
			isa = PBXGroup;
			children = (
				13B6308821AD392900E52DBE /* AudioVisualizer.app */,
			);
			name = Products;
			sourceTree = "<group>";
		};
		13B6308A21AD392900E52DBE /* AudioVisualizer */ = {
			isa = PBXGroup;
			children = (
				13B6308B21AD392900E52DBE /* AppDelegate.swift */,
				13B6308D21AD392900E52DBE /* ViewController.swift */,
				13B630A221AD3CDF00E52DBE /* EqualizerView.swift */,
				13B6308F21AD392900E52DBE /* Main.storyboard */,
				13B6309221AD392B00E52DBE /* Assets.xcassets */,
				13B6309421AD392B00E52DBE /* LaunchScreen.storyboard */,
				13B6309721AD392B00E52DBE /* Info.plist */,
				13B6309D21AD393A00E52DBE /* AudioVisualizer-Bridging-Header.h */,
				13B630A021AD39FF00E52DBE /* Con_duyen_intro.m4a */,
			);
			path = AudioVisualizer;
			sourceTree = "<group>";
		};
		32229BED65A1D65E5AA62C1C /* Frameworks */ = {
			isa = PBXGroup;
			children = (
				13B630AB21AD44DE00E52DBE /* EZAudioiOS.framework */,
				E1287FB8D11581ECCE5B9B3A /* Pods_AudioVisualizer.framework */,
			);
			name = Frameworks;
			sourceTree = "<group>";
		};
		6E4ECE62D734AC8DF51D980C /* Pods */ = {
			isa = PBXGroup;
			children = (
				FFFA99B5299C3CEAEBE68E69 /* Pods-AudioVisualizer.debug.xcconfig */,
				4D4BFAA49F090D557CDFC415 /* Pods-AudioVisualizer.release.xcconfig */,
			);
			name = Pods;
			sourceTree = "<group>";
		};
/* End PBXGroup section */

/* Begin PBXNativeTarget section */
		13B6308721AD392900E52DBE /* AudioVisualizer */ = {
			isa = PBXNativeTarget;
			buildConfigurationList = 13B6309A21AD392B00E52DBE /* Build configuration list for PBXNativeTarget "AudioVisualizer" */;
			buildPhases = (
				CE32DD80F8CE2510E614987E /* [CP] Check Pods Manifest.lock */,
				13B6308421AD392900E52DBE /* Sources */,
				13B6308521AD392900E52DBE /* Frameworks */,
				13B6308621AD392900E52DBE /* Resources */,
				13B630AD21AD44E300E52DBE /* ShellScript */,
				DBECC187A27C0914D7ADB384 /* [CP] Embed Pods Frameworks */,
			);
			buildRules = (
			);
			dependencies = (
			);
			name = AudioVisualizer;
			productName = AudioVisualizer;
			productReference = 13B6308821AD392900E52DBE /* AudioVisualizer.app */;
			productType = "com.apple.product-type.application";
		};
/* End PBXNativeTarget section */

/* Begin PBXProject section */
		13B6308021AD392900E52DBE /* Project object */ = {
			isa = PBXProject;
			attributes = {
				LastSwiftUpdateCheck = 1000;
				LastUpgradeCheck = 1000;
				ORGANIZATIONNAME = MonstarLab;
				TargetAttributes = {
					13B6308721AD392900E52DBE = {
						CreatedOnToolsVersion = 10.0;
						LastSwiftMigration = 1000;
					};
				};
			};
			buildConfigurationList = 13B6308321AD392900E52DBE /* Build configuration list for PBXProject "AudioVisualizer" */;
			compatibilityVersion = "Xcode 9.3";
			developmentRegion = en;
			hasScannedForEncodings = 0;
			knownRegions = (
				en,
				Base,
			);
			mainGroup = 13B6307F21AD392900E52DBE;
			productRefGroup = 13B6308921AD392900E52DBE /* Products */;
			projectDirPath = "";
			projectRoot = "";
			targets = (
				13B6308721AD392900E52DBE /* AudioVisualizer */,
			);
		};
/* End PBXProject section */

/* Begin PBXResourcesBuildPhase section */
		13B6308621AD392900E52DBE /* Resources */ = {
			isa = PBXResourcesBuildPhase;
			buildActionMask = 2147483647;
			files = (
				13B6309621AD392B00E52DBE /* LaunchScreen.storyboard in Resources */,
				13B6309321AD392B00E52DBE /* Assets.xcassets in Resources */,
				13B630A121AD39FF00E52DBE /* Con_duyen_intro.m4a in Resources */,
				13B6309121AD392900E52DBE /* Main.storyboard in Resources */,
			);
			runOnlyForDeploymentPostprocessing = 0;
		};
/* End PBXResourcesBuildPhase section */

/* Begin PBXShellScriptBuildPhase section */
		13B630AD21AD44E300E52DBE /* ShellScript */ = {
			isa = PBXShellScriptBuildPhase;
			buildActionMask = 2147483647;
			files = (
			);
			inputFileListPaths = (
			);
			inputPaths = (
			);
			outputFileListPaths = (
			);
			outputPaths = (
			);
			runOnlyForDeploymentPostprocessing = 0;
			shellPath = /bin/sh;
			shellScript = "# Type a script or drag a script file from your workspace to insert its path.\n/usr/local/bin/carthage copy-frameworks\n";
		};
		CE32DD80F8CE2510E614987E /* [CP] Check Pods Manifest.lock */ = {
			isa = PBXShellScriptBuildPhase;
			buildActionMask = 2147483647;
			files = (
			);
			inputFileListPaths = (
			);
			inputPaths = (
				"${PODS_PODFILE_DIR_PATH}/Podfile.lock",
				"${PODS_ROOT}/Manifest.lock",
			);
			name = "[CP] Check Pods Manifest.lock";
			outputFileListPaths = (
			);
			outputPaths = (
				"$(DERIVED_FILE_DIR)/Pods-AudioVisualizer-checkManifestLockResult.txt",
			);
			runOnlyForDeploymentPostprocessing = 0;
			shellPath = /bin/sh;
			shellScript = "diff \"${PODS_PODFILE_DIR_PATH}/Podfile.lock\" \"${PODS_ROOT}/Manifest.lock\" > /dev/null\nif [ $? != 0 ] ; then\n    # print error to STDERR\n    echo \"error: The sandbox is not in sync with the Podfile.lock. Run 'pod install' or update your CocoaPods installation.\" >&2\n    exit 1\nfi\n# This output is used by Xcode 'outputs' to avoid re-running this script phase.\necho \"SUCCESS\" > \"${SCRIPT_OUTPUT_FILE_0}\"\n";
			showEnvVarsInLog = 0;
		};
		DBECC187A27C0914D7ADB384 /* [CP] Embed Pods Frameworks */ = {
			isa = PBXShellScriptBuildPhase;
			buildActionMask = 2147483647;
			files = (
			);
			inputFileListPaths = (
			);
			inputPaths = (
				"${SRCROOT}/Pods/Target Support Files/Pods-AudioVisualizer/Pods-AudioVisualizer-frameworks.sh",
				"${BUILT_PRODUCTS_DIR}/DisPlayers-Audio-Visualizers/DisPlayers_Audio_Visualizers.framework",
				"${BUILT_PRODUCTS_DIR}/EZAudio/EZAudio.framework",
				"${BUILT_PRODUCTS_DIR}/TPCircularBuffer/TPCircularBuffer.framework",
			);
			name = "[CP] Embed Pods Frameworks";
			outputFileListPaths = (
			);
			outputPaths = (
				"${TARGET_BUILD_DIR}/${FRAMEWORKS_FOLDER_PATH}/DisPlayers_Audio_Visualizers.framework",
				"${TARGET_BUILD_DIR}/${FRAMEWORKS_FOLDER_PATH}/EZAudio.framework",
				"${TARGET_BUILD_DIR}/${FRAMEWORKS_FOLDER_PATH}/TPCircularBuffer.framework",
			);
			runOnlyForDeploymentPostprocessing = 0;
			shellPath = /bin/sh;
			shellScript = "\"${SRCROOT}/Pods/Target Support Files/Pods-AudioVisualizer/Pods-AudioVisualizer-frameworks.sh\"\n";
			showEnvVarsInLog = 0;
		};
/* End PBXShellScriptBuildPhase section */

/* Begin PBXSourcesBuildPhase section */
		13B6308421AD392900E52DBE /* Sources */ = {
			isa = PBXSourcesBuildPhase;
			buildActionMask = 2147483647;
			files = (
				13B630A321AD3CDF00E52DBE /* EqualizerView.swift in Sources */,
				13B6308E21AD392900E52DBE /* ViewController.swift in Sources */,
				13B6308C21AD392900E52DBE /* AppDelegate.swift in Sources */,
			);
			runOnlyForDeploymentPostprocessing = 0;
		};
/* End PBXSourcesBuildPhase section */

/* Begin PBXVariantGroup section */
		13B6308F21AD392900E52DBE /* Main.storyboard */ = {
			isa = PBXVariantGroup;
			children = (
				13B6309021AD392900E52DBE /* Base */,
			);
			name = Main.storyboard;
			sourceTree = "<group>";
		};
		13B6309421AD392B00E52DBE /* LaunchScreen.storyboard */ = {
			isa = PBXVariantGroup;
			children = (
				13B6309521AD392B00E52DBE /* Base */,
			);
			name = LaunchScreen.storyboard;
			sourceTree = "<group>";
		};
/* End PBXVariantGroup section */

/* Begin XCBuildConfiguration section */
		13B6309821AD392B00E52DBE /* Debug */ = {
			isa = XCBuildConfiguration;
			buildSettings = {
				ALWAYS_SEARCH_USER_PATHS = NO;
				CLANG_ANALYZER_NONNULL = YES;
				CLANG_ANALYZER_NUMBER_OBJECT_CONVERSION = YES_AGGRESSIVE;
				CLANG_CXX_LANGUAGE_STANDARD = "gnu++14";
				CLANG_CXX_LIBRARY = "libc++";
				CLANG_ENABLE_MODULES = YES;
				CLANG_ENABLE_OBJC_ARC = YES;
				CLANG_ENABLE_OBJC_WEAK = YES;
				CLANG_WARN_BLOCK_CAPTURE_AUTORELEASING = YES;
				CLANG_WARN_BOOL_CONVERSION = YES;
				CLANG_WARN_COMMA = YES;
				CLANG_WARN_CONSTANT_CONVERSION = YES;
				CLANG_WARN_DEPRECATED_OBJC_IMPLEMENTATIONS = YES;
				CLANG_WARN_DIRECT_OBJC_ISA_USAGE = YES_ERROR;
				CLANG_WARN_DOCUMENTATION_COMMENTS = YES;
				CLANG_WARN_EMPTY_BODY = YES;
				CLANG_WARN_ENUM_CONVERSION = YES;
				CLANG_WARN_INFINITE_RECURSION = YES;
				CLANG_WARN_INT_CONVERSION = YES;
				CLANG_WARN_NON_LITERAL_NULL_CONVERSION = YES;
				CLANG_WARN_OBJC_IMPLICIT_RETAIN_SELF = YES;
				CLANG_WARN_OBJC_LITERAL_CONVERSION = YES;
				CLANG_WARN_OBJC_ROOT_CLASS = YES_ERROR;
				CLANG_WARN_RANGE_LOOP_ANALYSIS = YES;
				CLANG_WARN_STRICT_PROTOTYPES = YES;
				CLANG_WARN_SUSPICIOUS_MOVE = YES;
				CLANG_WARN_UNGUARDED_AVAILABILITY = YES_AGGRESSIVE;
				CLANG_WARN_UNREACHABLE_CODE = YES;
				CLANG_WARN__DUPLICATE_METHOD_MATCH = YES;
				CODE_SIGN_IDENTITY = "iPhone Developer";
				COPY_PHASE_STRIP = NO;
				DEBUG_INFORMATION_FORMAT = dwarf;
				ENABLE_STRICT_OBJC_MSGSEND = YES;
				ENABLE_TESTABILITY = YES;
				GCC_C_LANGUAGE_STANDARD = gnu11;
				GCC_DYNAMIC_NO_PIC = NO;
				GCC_NO_COMMON_BLOCKS = YES;
				GCC_OPTIMIZATION_LEVEL = 0;
				GCC_PREPROCESSOR_DEFINITIONS = (
					"DEBUG=1",
					"$(inherited)",
				);
				GCC_WARN_64_TO_32_BIT_CONVERSION = YES;
				GCC_WARN_ABOUT_RETURN_TYPE = YES_ERROR;
				GCC_WARN_UNDECLARED_SELECTOR = YES;
				GCC_WARN_UNINITIALIZED_AUTOS = YES_AGGRESSIVE;
				GCC_WARN_UNUSED_FUNCTION = YES;
				GCC_WARN_UNUSED_VARIABLE = YES;
				IPHONEOS_DEPLOYMENT_TARGET = 12.0;
				MTL_ENABLE_DEBUG_INFO = INCLUDE_SOURCE;
				MTL_FAST_MATH = YES;
				ONLY_ACTIVE_ARCH = YES;
				SDKROOT = iphoneos;
				SWIFT_ACTIVE_COMPILATION_CONDITIONS = DEBUG;
				SWIFT_OPTIMIZATION_LEVEL = "-Onone";
			};
			name = Debug;
		};
		13B6309921AD392B00E52DBE /* Release */ = {
			isa = XCBuildConfiguration;
			buildSettings = {
				ALWAYS_SEARCH_USER_PATHS = NO;
				CLANG_ANALYZER_NONNULL = YES;
				CLANG_ANALYZER_NUMBER_OBJECT_CONVERSION = YES_AGGRESSIVE;
				CLANG_CXX_LANGUAGE_STANDARD = "gnu++14";
				CLANG_CXX_LIBRARY = "libc++";
				CLANG_ENABLE_MODULES = YES;
				CLANG_ENABLE_OBJC_ARC = YES;
				CLANG_ENABLE_OBJC_WEAK = YES;
				CLANG_WARN_BLOCK_CAPTURE_AUTORELEASING = YES;
				CLANG_WARN_BOOL_CONVERSION = YES;
				CLANG_WARN_COMMA = YES;
				CLANG_WARN_CONSTANT_CONVERSION = YES;
				CLANG_WARN_DEPRECATED_OBJC_IMPLEMENTATIONS = YES;
				CLANG_WARN_DIRECT_OBJC_ISA_USAGE = YES_ERROR;
				CLANG_WARN_DOCUMENTATION_COMMENTS = YES;
				CLANG_WARN_EMPTY_BODY = YES;
				CLANG_WARN_ENUM_CONVERSION = YES;
				CLANG_WARN_INFINITE_RECURSION = YES;
				CLANG_WARN_INT_CONVERSION = YES;
				CLANG_WARN_NON_LITERAL_NULL_CONVERSION = YES;
				CLANG_WARN_OBJC_IMPLICIT_RETAIN_SELF = YES;
				CLANG_WARN_OBJC_LITERAL_CONVERSION = YES;
				CLANG_WARN_OBJC_ROOT_CLASS = YES_ERROR;
				CLANG_WARN_RANGE_LOOP_ANALYSIS = YES;
				CLANG_WARN_STRICT_PROTOTYPES = YES;
				CLANG_WARN_SUSPICIOUS_MOVE = YES;
				CLANG_WARN_UNGUARDED_AVAILABILITY = YES_AGGRESSIVE;
				CLANG_WARN_UNREACHABLE_CODE = YES;
				CLANG_WARN__DUPLICATE_METHOD_MATCH = YES;
				CODE_SIGN_IDENTITY = "iPhone Developer";
				COPY_PHASE_STRIP = NO;
				DEBUG_INFORMATION_FORMAT = "dwarf-with-dsym";
				ENABLE_NS_ASSERTIONS = NO;
				ENABLE_STRICT_OBJC_MSGSEND = YES;
				GCC_C_LANGUAGE_STANDARD = gnu11;
				GCC_NO_COMMON_BLOCKS = YES;
				GCC_WARN_64_TO_32_BIT_CONVERSION = YES;
				GCC_WARN_ABOUT_RETURN_TYPE = YES_ERROR;
				GCC_WARN_UNDECLARED_SELECTOR = YES;
				GCC_WARN_UNINITIALIZED_AUTOS = YES_AGGRESSIVE;
				GCC_WARN_UNUSED_FUNCTION = YES;
				GCC_WARN_UNUSED_VARIABLE = YES;
				IPHONEOS_DEPLOYMENT_TARGET = 12.0;
				MTL_ENABLE_DEBUG_INFO = NO;
				MTL_FAST_MATH = YES;
				SDKROOT = iphoneos;
				SWIFT_COMPILATION_MODE = wholemodule;
				SWIFT_OPTIMIZATION_LEVEL = "-O";
				VALIDATE_PRODUCT = YES;
			};
			name = Release;
		};
		13B6309B21AD392B00E52DBE /* Debug */ = {
			isa = XCBuildConfiguration;
			baseConfigurationReference = FFFA99B5299C3CEAEBE68E69 /* Pods-AudioVisualizer.debug.xcconfig */;
			buildSettings = {
				ASSETCATALOG_COMPILER_APPICON_NAME = AppIcon;
				CLANG_ENABLE_MODULES = YES;
				CODE_SIGN_STYLE = Automatic;
				DEVELOPMENT_TEAM = DAB2NZFLN5;
				ENABLE_BITCODE = NO;
				FRAMEWORK_SEARCH_PATHS = (
					"$(inherited)",
					"$(PROJECT_DIR)/Carthage/Build/iOS",
				);
				INFOPLIST_FILE = AudioVisualizer/Info.plist;
				IPHONEOS_DEPLOYMENT_TARGET = 11.0;
				LD_RUNPATH_SEARCH_PATHS = (
					"$(inherited)",
					"@executable_path/Frameworks",
				);
				PRODUCT_BUNDLE_IDENTIFIER = com.xerox.AudioVisualizer;
				PRODUCT_NAME = "$(TARGET_NAME)";
				SWIFT_OBJC_BRIDGING_HEADER = "AudioVisualizer/AudioVisualizer-Bridging-Header.h";
				SWIFT_OPTIMIZATION_LEVEL = "-Onone";
				SWIFT_VERSION = 4.2;
				TARGETED_DEVICE_FAMILY = "1,2";
			};
			name = Debug;
		};
		13B6309C21AD392B00E52DBE /* Release */ = {
			isa = XCBuildConfiguration;
			baseConfigurationReference = 4D4BFAA49F090D557CDFC415 /* Pods-AudioVisualizer.release.xcconfig */;
			buildSettings = {
				ASSETCATALOG_COMPILER_APPICON_NAME = AppIcon;
				CLANG_ENABLE_MODULES = YES;
				CODE_SIGN_STYLE = Automatic;
				DEVELOPMENT_TEAM = DAB2NZFLN5;
				ENABLE_BITCODE = NO;
				FRAMEWORK_SEARCH_PATHS = (
					"$(inherited)",
					"$(PROJECT_DIR)/Carthage/Build/iOS",
				);
				INFOPLIST_FILE = AudioVisualizer/Info.plist;
				IPHONEOS_DEPLOYMENT_TARGET = 11.0;
				LD_RUNPATH_SEARCH_PATHS = (
					"$(inherited)",
					"@executable_path/Frameworks",
				);
				PRODUCT_BUNDLE_IDENTIFIER = com.xerox.AudioVisualizer;
				PRODUCT_NAME = "$(TARGET_NAME)";
				SWIFT_OBJC_BRIDGING_HEADER = "AudioVisualizer/AudioVisualizer-Bridging-Header.h";
				SWIFT_VERSION = 4.2;
				TARGETED_DEVICE_FAMILY = "1,2";
			};
			name = Release;
		};
/* End XCBuildConfiguration section */

/* Begin XCConfigurationList section */
		13B6308321AD392900E52DBE /* Build configuration list for PBXProject "AudioVisualizer" */ = {
			isa = XCConfigurationList;
			buildConfigurations = (
				13B6309821AD392B00E52DBE /* Debug */,
				13B6309921AD392B00E52DBE /* Release */,
			);
			defaultConfigurationIsVisible = 0;
			defaultConfigurationName = Release;
		};
		13B6309A21AD392B00E52DBE /* Build configuration list for PBXNativeTarget "AudioVisualizer" */ = {
			isa = XCConfigurationList;
			buildConfigurations = (
				13B6309B21AD392B00E52DBE /* Debug */,
				13B6309C21AD392B00E52DBE /* Release */,
			);
			defaultConfigurationIsVisible = 0;
			defaultConfigurationName = Release;
		};
/* End XCConfigurationList section */
	};
	rootObject = 13B6308021AD392900E52DBE /* Project object */;
}
